
Microsoft Visual Studio Solution File, Format Version 12.00
# Visual Studio Version 16
VisualStudioVersion = 16.0.29102.190
MinimumVisualStudioVersion = 10.0.40219.1
Project("{FAE04EC0-301F-11D3-BF4B-00C04F79EFBC}") = "MyStartup", "MyStartup\MyStartup.csproj", "{3FFB0540-B054-48CD-A1F8-12CE208845E6}"
EndProject
Global
	GlobalSection(SolutionConfigurationPlatforms) = preSolution
		Debug|Any CPU = Debug|Any CPU
		Release|Any CPU = Release|Any CPU
	EndGlobalSection
	GlobalSection(ProjectConfigurationPlatforms) = postSolution
		{3FFB0540-B054-48CD-A1F8-12CE208845E6}.Debug|Any CPU.ActiveCfg = Debug|Any CPU
		{3FFB0540-B054-48CD-A1F8-12CE208845E6}.Debug|Any CPU.Build.0 = Debug|Any CPU
		{3FFB0540-B054-48CD-A1F8-12CE208845E6}.Release|Any CPU.ActiveCfg = Release|Any CPU
		{3FFB0540-B054-48CD-A1F8-12CE208845E6}.Release|Any CPU.Build.0 = Release|Any CPU
	EndGlobalSection
	GlobalSection(SolutionProperties) = preSolution
		HideSolutionNode = FALSE
	EndGlobalSection
	GlobalSection(ExtensibilityGlobals) = postSolution
		SolutionGuid = {AB05B0E8-F577-44A0-81B9-FF0929D095B6}
	EndGlobalSection
EndGlobal
